
Microsoft Visual Studio Solution File, Format Version 12.00
# Visual Studio Version 17
VisualStudioVersion = 17.0.32112.339
MinimumVisualStudioVersion = 10.0.40219.1
Project("{FAE04EC0-301F-11D3-BF4B-00C04F79EFBC}") = "Weather", "Weather.csproj", "{502E8F3F-FB49-4AA8-936A-201AE3D33FB4}"
EndProject
Global
	GlobalSection(SolutionConfigurationPlatforms) = preSolution
		Debug|Any CPU = Debug|Any CPU
		Release|Any CPU = Release|Any CPU
	EndGlobalSection
	GlobalSection(ProjectConfigurationPlatforms) = postSolution
		{502E8F3F-FB49-4AA8-936A-201AE3D33FB4}.Debug|Any CPU.ActiveCfg = Debug|Any CPU
		{502E8F3F-FB49-4AA8-936A-201AE3D33FB4}.Debug|Any CPU.Build.0 = Debug|Any CPU
		{502E8F3F-FB49-4AA8-936A-201AE3D33FB4}.Release|Any CPU.ActiveCfg = Release|Any CPU
		{502E8F3F-FB49-4AA8-936A-201AE3D33FB4}.Release|Any CPU.Build.0 = Release|Any CPU
	EndGlobalSection
	GlobalSection(SolutionProperties) = preSolution
		HideSolutionNode = FALSE
	EndGlobalSection
	GlobalSection(ExtensibilityGlobals) = postSolution
		SolutionGuid = {3293F4F8-7E58-4BA7-A8AB-83AAD3C34FD6}
	EndGlobalSection
EndGlobal
